// !$*UTF8*$!
{
	archiveVersion = 1;
	classes = {
	};
	objectVersion = 46;
	objects = {

/* Begin PBXBuildFile section */
		2041BFF71880283E00503B09 /* Foundation.framework in Frameworks */ = {isa = PBXBuildFile; fileRef = 2041BFF61880283E00503B09 /* Foundation.framework */; };
		2041BFF91880283E00503B09 /* CoreGraphics.framework in Frameworks */ = {isa = PBXBuildFile; fileRef = 2041BFF81880283E00503B09 /* CoreGraphics.framework */; };
		2041BFFB1880283E00503B09 /* UIKit.framework in Frameworks */ = {isa = PBXBuildFile; fileRef = 2041BFFA1880283E00503B09 /* UIKit.framework */; };
		2041C0011880283E00503B09 /* InfoPlist.strings in Resources */ = {isa = PBXBuildFile; fileRef = 2041BFFF1880283E00503B09 /* InfoPlist.strings */; };
		2041C0031880283E00503B09 /* main.m in Sources */ = {isa = PBXBuildFile; fileRef = 2041C0021880283E00503B09 /* main.m */; };
		2041C0071880283E00503B09 /* AppDelegate.m in Sources */ = {isa = PBXBuildFile; fileRef = 2041C0061880283E00503B09 /* AppDelegate.m */; };
		2041C0161880283F00503B09 /* XCTest.framework in Frameworks */ = {isa = PBXBuildFile; fileRef = 2041C0151880283F00503B09 /* XCTest.framework */; };
		2041C0171880283F00503B09 /* Foundation.framework in Frameworks */ = {isa = PBXBuildFile; fileRef = 2041BFF61880283E00503B09 /* Foundation.framework */; };
		2041C0181880283F00503B09 /* UIKit.framework in Frameworks */ = {isa = PBXBuildFile; fileRef = 2041BFFA1880283E00503B09 /* UIKit.framework */; };
		2041C0201880283F00503B09 /* InfoPlist.strings in Resources */ = {isa = PBXBuildFile; fileRef = 2041C01E1880283F00503B09 /* InfoPlist.strings */; };
		2041C0221880283F00503B09 /* hackathonFYFTests.m in Sources */ = {isa = PBXBuildFile; fileRef = 2041C0211880283F00503B09 /* hackathonFYFTests.m */; };
		2041C02E18802BA800503B09 /* Images.xcassets in Resources */ = {isa = PBXBuildFile; fileRef = 2041C02D18802BA800503B09 /* Images.xcassets */; };
		2041C03218802BE000503B09 /* FYFViewController.m in Sources */ = {isa = PBXBuildFile; fileRef = 2041C03118802BE000503B09 /* FYFViewController.m */; };
		2041C03618803FB100503B09 /* FYFBoardViewController.m in Sources */ = {isa = PBXBuildFile; fileRef = 2041C03518803FB100503B09 /* FYFBoardViewController.m */; };
		2041C03A18803FD500503B09 /* FYFBoardView.m in Sources */ = {isa = PBXBuildFile; fileRef = 2041C03918803FD500503B09 /* FYFBoardView.m */; };
		2041C04418804CBD00503B09 /* FYFSocketManager.m in Sources */ = {isa = PBXBuildFile; fileRef = 2041C04318804CBD00503B09 /* FYFSocketManager.m */; };
		20B301D31880793000AD741D /* AudioToolbox.framework in Frameworks */ = {isa = PBXBuildFile; fileRef = 20B301D21880793000AD741D /* AudioToolbox.framework */; };
		24D32B3218803EF7007C4057 /* FYFGameListViewController.m in Sources */ = {isa = PBXBuildFile; fileRef = 24D32B3118803EF7007C4057 /* FYFGameListViewController.m */; };
		24D32B3E18805DC4007C4057 /* FYFBeaconView.m in Sources */ = {isa = PBXBuildFile; fileRef = 24D32B3D18805DC4007C4057 /* FYFBeaconView.m */; };
		24D32B4018806A7D007C4057 /* background.jpg in Resources */ = {isa = PBXBuildFile; fileRef = 24D32B3F18806A7D007C4057 /* background.jpg */; };
		AE68C5981880308E00962506 /* SystemConfiguration.framework in Frameworks */ = {isa = PBXBuildFile; fileRef = AE68C5971880308E00962506 /* SystemConfiguration.framework */; };
		AE68C59A1880309800962506 /* CoreLocation.framework in Frameworks */ = {isa = PBXBuildFile; fileRef = AE68C5991880309800962506 /* CoreLocation.framework */; };
		AE68C5A318803DA600962506 /* libEstimoteSDK.a in Frameworks */ = {isa = PBXBuildFile; fileRef = AE68C5A218803DA600962506 /* libEstimoteSDK.a */; };
		AE68C5A718805E0900962506 /* CountdownView.m in Sources */ = {isa = PBXBuildFile; fileRef = AE68C5A618805E0900962506 /* CountdownView.m */; };
		AE68C5AD18806EE400962506 /* LoserView.m in Sources */ = {isa = PBXBuildFile; fileRef = AE68C5AC18806EE400962506 /* LoserView.m */; };
		AE68C5B01880791200962506 /* SuccessView.m in Sources */ = {isa = PBXBuildFile; fileRef = AE68C5AF1880791200962506 /* SuccessView.m */; };
		BC5092D5F4564B6B825FA49A /* libPods.a in Frameworks */ = {isa = PBXBuildFile; fileRef = C4213E8AC7D14B269A16DC83 /* libPods.a */; };
/* End PBXBuildFile section */

/* Begin PBXContainerItemProxy section */
		2041C0191880283F00503B09 /* PBXContainerItemProxy */ = {
			isa = PBXContainerItemProxy;
			containerPortal = 2041BFEB1880283E00503B09 /* Project object */;
			proxyType = 1;
			remoteGlobalIDString = 2041BFF21880283E00503B09;
			remoteInfo = hackathonFYF;
		};
/* End PBXContainerItemProxy section */

/* Begin PBXFileReference section */
		2041BFF31880283E00503B09 /* hackathonFYF.app */ = {isa = PBXFileReference; explicitFileType = wrapper.application; includeInIndex = 0; path = hackathonFYF.app; sourceTree = BUILT_PRODUCTS_DIR; };
		2041BFF61880283E00503B09 /* Foundation.framework */ = {isa = PBXFileReference; lastKnownFileType = wrapper.framework; name = Foundation.framework; path = System/Library/Frameworks/Foundation.framework; sourceTree = SDKROOT; };
		2041BFF81880283E00503B09 /* CoreGraphics.framework */ = {isa = PBXFileReference; lastKnownFileType = wrapper.framework; name = CoreGraphics.framework; path = System/Library/Frameworks/CoreGraphics.framework; sourceTree = SDKROOT; };
		2041BFFA1880283E00503B09 /* UIKit.framework */ = {isa = PBXFileReference; lastKnownFileType = wrapper.framework; name = UIKit.framework; path = System/Library/Frameworks/UIKit.framework; sourceTree = SDKROOT; };
		2041BFFE1880283E00503B09 /* hackathonFYF-Info.plist */ = {isa = PBXFileReference; lastKnownFileType = text.plist.xml; path = "hackathonFYF-Info.plist"; sourceTree = "<group>"; };
		2041C0001880283E00503B09 /* en */ = {isa = PBXFileReference; lastKnownFileType = text.plist.strings; name = en; path = en.lproj/InfoPlist.strings; sourceTree = "<group>"; };
		2041C0021880283E00503B09 /* main.m */ = {isa = PBXFileReference; lastKnownFileType = sourcecode.c.objc; path = main.m; sourceTree = "<group>"; };
		2041C0041880283E00503B09 /* hackathonFYF-Prefix.pch */ = {isa = PBXFileReference; lastKnownFileType = sourcecode.c.h; path = "hackathonFYF-Prefix.pch"; sourceTree = "<group>"; };
		2041C0051880283E00503B09 /* AppDelegate.h */ = {isa = PBXFileReference; lastKnownFileType = sourcecode.c.h; path = AppDelegate.h; sourceTree = "<group>"; };
		2041C0061880283E00503B09 /* AppDelegate.m */ = {isa = PBXFileReference; lastKnownFileType = sourcecode.c.objc; path = AppDelegate.m; sourceTree = "<group>"; };
		2041C0141880283F00503B09 /* hackathonFYFTests.xctest */ = {isa = PBXFileReference; explicitFileType = wrapper.cfbundle; includeInIndex = 0; path = hackathonFYFTests.xctest; sourceTree = BUILT_PRODUCTS_DIR; };
		2041C0151880283F00503B09 /* XCTest.framework */ = {isa = PBXFileReference; lastKnownFileType = wrapper.framework; name = XCTest.framework; path = Library/Frameworks/XCTest.framework; sourceTree = DEVELOPER_DIR; };
		2041C01D1880283F00503B09 /* hackathonFYFTests-Info.plist */ = {isa = PBXFileReference; lastKnownFileType = text.plist.xml; path = "hackathonFYFTests-Info.plist"; sourceTree = "<group>"; };
		2041C01F1880283F00503B09 /* en */ = {isa = PBXFileReference; lastKnownFileType = text.plist.strings; name = en; path = en.lproj/InfoPlist.strings; sourceTree = "<group>"; };
		2041C0211880283F00503B09 /* hackathonFYFTests.m */ = {isa = PBXFileReference; lastKnownFileType = sourcecode.c.objc; path = hackathonFYFTests.m; sourceTree = "<group>"; };
		2041C02D18802BA800503B09 /* Images.xcassets */ = {isa = PBXFileReference; lastKnownFileType = folder.assetcatalog; path = Images.xcassets; sourceTree = "<group>"; };
		2041C03018802BE000503B09 /* FYFViewController.h */ = {isa = PBXFileReference; fileEncoding = 4; lastKnownFileType = sourcecode.c.h; name = FYFViewController.h; path = Classes/Controllers/FYFViewController.h; sourceTree = "<group>"; };
		2041C03118802BE000503B09 /* FYFViewController.m */ = {isa = PBXFileReference; fileEncoding = 4; lastKnownFileType = sourcecode.c.objc; name = FYFViewController.m; path = Classes/Controllers/FYFViewController.m; sourceTree = "<group>"; };
		2041C03418803FB100503B09 /* FYFBoardViewController.h */ = {isa = PBXFileReference; fileEncoding = 4; lastKnownFileType = sourcecode.c.h; name = FYFBoardViewController.h; path = Classes/Controllers/FYFBoardViewController.h; sourceTree = "<group>"; };
		2041C03518803FB100503B09 /* FYFBoardViewController.m */ = {isa = PBXFileReference; fileEncoding = 4; lastKnownFileType = sourcecode.c.objc; name = FYFBoardViewController.m; path = Classes/Controllers/FYFBoardViewController.m; sourceTree = "<group>"; };
		2041C03818803FD500503B09 /* FYFBoardView.h */ = {isa = PBXFileReference; fileEncoding = 4; lastKnownFileType = sourcecode.c.h; name = FYFBoardView.h; path = Classes/Views/FYFBoardView.h; sourceTree = "<group>"; };
		2041C03918803FD500503B09 /* FYFBoardView.m */ = {isa = PBXFileReference; fileEncoding = 4; lastKnownFileType = sourcecode.c.objc; name = FYFBoardView.m; path = Classes/Views/FYFBoardView.m; sourceTree = "<group>"; };
		2041C03C188041D600503B09 /* FYFConstants.h */ = {isa = PBXFileReference; fileEncoding = 4; lastKnownFileType = sourcecode.c.h; path = FYFConstants.h; sourceTree = "<group>"; };
		2041C04218804CBD00503B09 /* FYFSocketManager.h */ = {isa = PBXFileReference; fileEncoding = 4; lastKnownFileType = sourcecode.c.h; name = FYFSocketManager.h; path = Classes/Others/FYFSocketManager.h; sourceTree = "<group>"; };
		2041C04318804CBD00503B09 /* FYFSocketManager.m */ = {isa = PBXFileReference; fileEncoding = 4; lastKnownFileType = sourcecode.c.objc; name = FYFSocketManager.m; path = Classes/Others/FYFSocketManager.m; sourceTree = "<group>"; };
		20B301D21880793000AD741D /* AudioToolbox.framework */ = {isa = PBXFileReference; lastKnownFileType = wrapper.framework; name = AudioToolbox.framework; path = System/Library/Frameworks/AudioToolbox.framework; sourceTree = SDKROOT; };
		24D32B3018803EF7007C4057 /* FYFGameListViewController.h */ = {isa = PBXFileReference; fileEncoding = 4; lastKnownFileType = sourcecode.c.h; name = FYFGameListViewController.h; path = Classes/Controllers/FYFGameListViewController.h; sourceTree = "<group>"; };
		24D32B3118803EF7007C4057 /* FYFGameListViewController.m */ = {isa = PBXFileReference; fileEncoding = 4; lastKnownFileType = sourcecode.c.objc; name = FYFGameListViewController.m; path = Classes/Controllers/FYFGameListViewController.m; sourceTree = "<group>"; };
		24D32B3C18805DC4007C4057 /* FYFBeaconView.h */ = {isa = PBXFileReference; fileEncoding = 4; lastKnownFileType = sourcecode.c.h; name = FYFBeaconView.h; path = Classes/Views/FYFBeaconView.h; sourceTree = "<group>"; };
		24D32B3D18805DC4007C4057 /* FYFBeaconView.m */ = {isa = PBXFileReference; fileEncoding = 4; lastKnownFileType = sourcecode.c.objc; name = FYFBeaconView.m; path = Classes/Views/FYFBeaconView.m; sourceTree = "<group>"; };
		24D32B3F18806A7D007C4057 /* background.jpg */ = {isa = PBXFileReference; lastKnownFileType = image.jpeg; path = background.jpg; sourceTree = "<group>"; };
		8DA6F90328D64B6393F3F883 /* Pods.xcconfig */ = {isa = PBXFileReference; includeInIndex = 1; lastKnownFileType = text.xcconfig; name = Pods.xcconfig; path = Pods/Pods.xcconfig; sourceTree = "<group>"; };
		AE68C5971880308E00962506 /* SystemConfiguration.framework */ = {isa = PBXFileReference; lastKnownFileType = wrapper.framework; name = SystemConfiguration.framework; path = System/Library/Frameworks/SystemConfiguration.framework; sourceTree = SDKROOT; };
		AE68C5991880309800962506 /* CoreLocation.framework */ = {isa = PBXFileReference; lastKnownFileType = wrapper.framework; name = CoreLocation.framework; path = System/Library/Frameworks/CoreLocation.framework; sourceTree = SDKROOT; };
		AE68C59D18803DA600962506 /* ESTBeacon.h */ = {isa = PBXFileReference; fileEncoding = 4; lastKnownFileType = sourcecode.c.h; path = ESTBeacon.h; sourceTree = "<group>"; };
		AE68C59E18803DA600962506 /* ESTBeaconDefinitions.h */ = {isa = PBXFileReference; fileEncoding = 4; lastKnownFileType = sourcecode.c.h; path = ESTBeaconDefinitions.h; sourceTree = "<group>"; };
		AE68C59F18803DA600962506 /* ESTBeaconManager.h */ = {isa = PBXFileReference; fileEncoding = 4; lastKnownFileType = sourcecode.c.h; path = ESTBeaconManager.h; sourceTree = "<group>"; };
		AE68C5A018803DA600962506 /* ESTBeaconRegion.h */ = {isa = PBXFileReference; fileEncoding = 4; lastKnownFileType = sourcecode.c.h; path = ESTBeaconRegion.h; sourceTree = "<group>"; };
		AE68C5A118803DA600962506 /* ESTBeaconUpdateInfo.h */ = {isa = PBXFileReference; fileEncoding = 4; lastKnownFileType = sourcecode.c.h; path = ESTBeaconUpdateInfo.h; sourceTree = "<group>"; };
		AE68C5A218803DA600962506 /* libEstimoteSDK.a */ = {isa = PBXFileReference; lastKnownFileType = archive.ar; path = libEstimoteSDK.a; sourceTree = "<group>"; };
		AE68C5A518805E0900962506 /* CountdownView.h */ = {isa = PBXFileReference; fileEncoding = 4; lastKnownFileType = sourcecode.c.h; name = CountdownView.h; path = Classes/Views/CountdownView.h; sourceTree = "<group>"; };
		AE68C5A618805E0900962506 /* CountdownView.m */ = {isa = PBXFileReference; fileEncoding = 4; lastKnownFileType = sourcecode.c.objc; name = CountdownView.m; path = Classes/Views/CountdownView.m; sourceTree = "<group>"; };
		AE68C5AB18806EE400962506 /* LoserView.h */ = {isa = PBXFileReference; fileEncoding = 4; lastKnownFileType = sourcecode.c.h; name = LoserView.h; path = Classes/Views/LoserView.h; sourceTree = "<group>"; };
		AE68C5AC18806EE400962506 /* LoserView.m */ = {isa = PBXFileReference; fileEncoding = 4; lastKnownFileType = sourcecode.c.objc; name = LoserView.m; path = Classes/Views/LoserView.m; sourceTree = "<group>"; };
		AE68C5AE1880791200962506 /* SuccessView.h */ = {isa = PBXFileReference; fileEncoding = 4; lastKnownFileType = sourcecode.c.h; name = SuccessView.h; path = Classes/Views/SuccessView.h; sourceTree = "<group>"; };
		AE68C5AF1880791200962506 /* SuccessView.m */ = {isa = PBXFileReference; fileEncoding = 4; lastKnownFileType = sourcecode.c.objc; name = SuccessView.m; path = Classes/Views/SuccessView.m; sourceTree = "<group>"; };
		C4213E8AC7D14B269A16DC83 /* libPods.a */ = {isa = PBXFileReference; explicitFileType = archive.ar; includeInIndex = 0; path = libPods.a; sourceTree = BUILT_PRODUCTS_DIR; };
/* End PBXFileReference section */

/* Begin PBXFrameworksBuildPhase section */
		2041BFF01880283E00503B09 /* Frameworks */ = {
			isa = PBXFrameworksBuildPhase;
			buildActionMask = 2147483647;
			files = (
				20B301D31880793000AD741D /* AudioToolbox.framework in Frameworks */,
				AE68C59A1880309800962506 /* CoreLocation.framework in Frameworks */,
				AE68C5981880308E00962506 /* SystemConfiguration.framework in Frameworks */,
				2041BFF91880283E00503B09 /* CoreGraphics.framework in Frameworks */,
				2041BFFB1880283E00503B09 /* UIKit.framework in Frameworks */,
				2041BFF71880283E00503B09 /* Foundation.framework in Frameworks */,
				BC5092D5F4564B6B825FA49A /* libPods.a in Frameworks */,
				AE68C5A318803DA600962506 /* libEstimoteSDK.a in Frameworks */,
			);
			runOnlyForDeploymentPostprocessing = 0;
		};
		2041C0111880283F00503B09 /* Frameworks */ = {
			isa = PBXFrameworksBuildPhase;
			buildActionMask = 2147483647;
			files = (
				2041C0161880283F00503B09 /* XCTest.framework in Frameworks */,
				2041C0181880283F00503B09 /* UIKit.framework in Frameworks */,
				2041C0171880283F00503B09 /* Foundation.framework in Frameworks */,
			);
			runOnlyForDeploymentPostprocessing = 0;
		};
/* End PBXFrameworksBuildPhase section */

/* Begin PBXGroup section */
		2041BFEA1880283E00503B09 = {
			isa = PBXGroup;
			children = (
				2041BFFC1880283E00503B09 /* Classes */,
				2041C02C18802BA800503B09 /* Resources */,
				2041BFF51880283E00503B09 /* Frameworks */,
				2041BFF41880283E00503B09 /* Products */,
				2041C02F18802BB400503B09 /* Others */,
				8DA6F90328D64B6393F3F883 /* Pods.xcconfig */,
			);
			sourceTree = "<group>";
		};
		2041BFF41880283E00503B09 /* Products */ = {
			isa = PBXGroup;
			children = (
				2041BFF31880283E00503B09 /* hackathonFYF.app */,
				2041C0141880283F00503B09 /* hackathonFYFTests.xctest */,
			);
			name = Products;
			sourceTree = "<group>";
		};
		2041BFF51880283E00503B09 /* Frameworks */ = {
			isa = PBXGroup;
			children = (
				20B301D21880793000AD741D /* AudioToolbox.framework */,
				AE68C59B18803DA600962506 /* EstimoteSDK */,
				AE68C5991880309800962506 /* CoreLocation.framework */,
				AE68C5971880308E00962506 /* SystemConfiguration.framework */,
				2041BFF61880283E00503B09 /* Foundation.framework */,
				2041BFF81880283E00503B09 /* CoreGraphics.framework */,
				2041BFFA1880283E00503B09 /* UIKit.framework */,
				2041C0151880283F00503B09 /* XCTest.framework */,
				C4213E8AC7D14B269A16DC83 /* libPods.a */,
			);
			name = Frameworks;
			sourceTree = "<group>";
		};
		2041BFFC1880283E00503B09 /* Classes */ = {
			isa = PBXGroup;
			children = (
				2041C0051880283E00503B09 /* AppDelegate.h */,
				2041C0061880283E00503B09 /* AppDelegate.m */,
				2041C02B1880286900503B09 /* Controllers */,
				2041C03B188041B000503B09 /* Others */,
				AE68C5A418805DE600962506 /* Views */,
				2041BFFD1880283E00503B09 /* Supporting Files */,
			);
			name = Classes;
			path = hackathonFYF;
			sourceTree = "<group>";
		};
		2041BFFD1880283E00503B09 /* Supporting Files */ = {
			isa = PBXGroup;
			children = (
				2041BFFE1880283E00503B09 /* hackathonFYF-Info.plist */,
				2041BFFF1880283E00503B09 /* InfoPlist.strings */,
				2041C0021880283E00503B09 /* main.m */,
				2041C0041880283E00503B09 /* hackathonFYF-Prefix.pch */,
			);
			name = "Supporting Files";
			sourceTree = "<group>";
		};
		2041C01B1880283F00503B09 /* hackathonFYFTests */ = {
			isa = PBXGroup;
			children = (
				2041C0211880283F00503B09 /* hackathonFYFTests.m */,
				2041C01C1880283F00503B09 /* Supporting Files */,
			);
			path = hackathonFYFTests;
			sourceTree = "<group>";
		};
		2041C01C1880283F00503B09 /* Supporting Files */ = {
			isa = PBXGroup;
			children = (
				2041C01D1880283F00503B09 /* hackathonFYFTests-Info.plist */,
				2041C01E1880283F00503B09 /* InfoPlist.strings */,
			);
			name = "Supporting Files";
			sourceTree = "<group>";
		};
		2041C02B1880286900503B09 /* Controllers */ = {
			isa = PBXGroup;
			children = (
				2041C03018802BE000503B09 /* FYFViewController.h */,
				2041C03118802BE000503B09 /* FYFViewController.m */,
				24D32B3718804266007C4057 /* GameListViewController */,
				2041C03318803F9300503B09 /* BoardViewController */,
			);
			name = Controllers;
			sourceTree = "<group>";
		};
		2041C02C18802BA800503B09 /* Resources */ = {
			isa = PBXGroup;
			children = (
				24D32B3F18806A7D007C4057 /* background.jpg */,
				2041C02D18802BA800503B09 /* Images.xcassets */,
			);
			name = Resources;
			path = hackathonFYF/Resources;
			sourceTree = "<group>";
		};
		2041C02F18802BB400503B09 /* Others */ = {
			isa = PBXGroup;
			children = (
				2041C01B1880283F00503B09 /* hackathonFYFTests */,
			);
			name = Others;
			sourceTree = "<group>";
		};
		2041C03318803F9300503B09 /* BoardViewController */ = {
			isa = PBXGroup;
			children = (
				2041C03418803FB100503B09 /* FYFBoardViewController.h */,
				2041C03518803FB100503B09 /* FYFBoardViewController.m */,
				2041C03718803FB900503B09 /* Views */,
			);
			name = BoardViewController;
			sourceTree = "<group>";
		};
		2041C03718803FB900503B09 /* Views */ = {
			isa = PBXGroup;
			children = (
				24D32B3C18805DC4007C4057 /* FYFBeaconView.h */,
				24D32B3D18805DC4007C4057 /* FYFBeaconView.m */,
				2041C03818803FD500503B09 /* FYFBoardView.h */,
				2041C03918803FD500503B09 /* FYFBoardView.m */,
			);
			name = Views;
			sourceTree = "<group>";
		};
		2041C03B188041B000503B09 /* Others */ = {
			isa = PBXGroup;
			children = (
				2041C03C188041D600503B09 /* FYFConstants.h */,
				2041C04218804CBD00503B09 /* FYFSocketManager.h */,
				2041C04318804CBD00503B09 /* FYFSocketManager.m */,
			);
			name = Others;
			sourceTree = "<group>";
		};
		24D32B3718804266007C4057 /* GameListViewController */ = {
			isa = PBXGroup;
			children = (
				24D32B3018803EF7007C4057 /* FYFGameListViewController.h */,
				24D32B3118803EF7007C4057 /* FYFGameListViewController.m */,
			);
			name = GameListViewController;
			sourceTree = "<group>";
		};
		AE68C59B18803DA600962506 /* EstimoteSDK */ = {
			isa = PBXGroup;
			children = (
				AE68C59C18803DA600962506 /* Headers */,
				AE68C5A218803DA600962506 /* libEstimoteSDK.a */,
			);
			name = EstimoteSDK;
			path = Frameworks/Estimote/EstimoteSDK;
			sourceTree = "<group>";
		};
		AE68C59C18803DA600962506 /* Headers */ = {
			isa = PBXGroup;
			children = (
				AE68C59D18803DA600962506 /* ESTBeacon.h */,
				AE68C59E18803DA600962506 /* ESTBeaconDefinitions.h */,
				AE68C59F18803DA600962506 /* ESTBeaconManager.h */,
				AE68C5A018803DA600962506 /* ESTBeaconRegion.h */,
				AE68C5A118803DA600962506 /* ESTBeaconUpdateInfo.h */,
			);
			path = Headers;
			sourceTree = "<group>";
		};
		AE68C5A418805DE600962506 /* Views */ = {
			isa = PBXGroup;
			children = (
				AE68C5A518805E0900962506 /* CountdownView.h */,
				AE68C5A618805E0900962506 /* CountdownView.m */,
				AE68C5AB18806EE400962506 /* LoserView.h */,
				AE68C5AC18806EE400962506 /* LoserView.m */,
				AE68C5AE1880791200962506 /* SuccessView.h */,
				AE68C5AF1880791200962506 /* SuccessView.m */,
			);
			name = Views;
			sourceTree = "<group>";
		};
/* End PBXGroup section */

/* Begin PBXNativeTarget section */
		2041BFF21880283E00503B09 /* hackathonFYF */ = {
			isa = PBXNativeTarget;
			buildConfigurationList = 2041C0251880283F00503B09 /* Build configuration list for PBXNativeTarget "hackathonFYF" */;
			buildPhases = (
				884E1D69168D42728A815649 /* Check Pods Manifest.lock */,
				2041BFEF1880283E00503B09 /* Sources */,
				2041BFF01880283E00503B09 /* Frameworks */,
				2041BFF11880283E00503B09 /* Resources */,
				1A2E0FF134154B308EFB847A /* Copy Pods Resources */,
			);
			buildRules = (
			);
			dependencies = (
			);
			name = hackathonFYF;
			productName = hackathonFYF;
			productReference = 2041BFF31880283E00503B09 /* hackathonFYF.app */;
			productType = "com.apple.product-type.application";
		};
		2041C0131880283F00503B09 /* hackathonFYFTests */ = {
			isa = PBXNativeTarget;
			buildConfigurationList = 2041C0281880283F00503B09 /* Build configuration list for PBXNativeTarget "hackathonFYFTests" */;
			buildPhases = (
				2041C0101880283F00503B09 /* Sources */,
				2041C0111880283F00503B09 /* Frameworks */,
				2041C0121880283F00503B09 /* Resources */,
			);
			buildRules = (
			);
			dependencies = (
				2041C01A1880283F00503B09 /* PBXTargetDependency */,
			);
			name = hackathonFYFTests;
			productName = hackathonFYFTests;
			productReference = 2041C0141880283F00503B09 /* hackathonFYFTests.xctest */;
			productType = "com.apple.product-type.bundle.unit-test";
		};
/* End PBXNativeTarget section */

/* Begin PBXProject section */
		2041BFEB1880283E00503B09 /* Project object */ = {
			isa = PBXProject;
			attributes = {
				CLASSPREFIX = FYF;
				LastUpgradeCheck = 0500;
				ORGANIZATIONNAME = AppUnite.com;
				TargetAttributes = {
					2041BFF21880283E00503B09 = {
						DevelopmentTeam = E6WRHQXQE9;
					};
					2041C0131880283F00503B09 = {
						TestTargetID = 2041BFF21880283E00503B09;
					};
				};
			};
			buildConfigurationList = 2041BFEE1880283E00503B09 /* Build configuration list for PBXProject "hackathonFYF" */;
			compatibilityVersion = "Xcode 3.2";
			developmentRegion = English;
			hasScannedForEncodings = 0;
			knownRegions = (
				en,
				Base,
			);
			mainGroup = 2041BFEA1880283E00503B09;
			productRefGroup = 2041BFF41880283E00503B09 /* Products */;
			projectDirPath = "";
			projectRoot = "";
			targets = (
				2041BFF21880283E00503B09 /* hackathonFYF */,
				2041C0131880283F00503B09 /* hackathonFYFTests */,
			);
		};
/* End PBXProject section */

/* Begin PBXResourcesBuildPhase section */
		2041BFF11880283E00503B09 /* Resources */ = {
			isa = PBXResourcesBuildPhase;
			buildActionMask = 2147483647;
			files = (
				24D32B4018806A7D007C4057 /* background.jpg in Resources */,
				2041C0011880283E00503B09 /* InfoPlist.strings in Resources */,
				2041C02E18802BA800503B09 /* Images.xcassets in Resources */,
			);
			runOnlyForDeploymentPostprocessing = 0;
		};
		2041C0121880283F00503B09 /* Resources */ = {
			isa = PBXResourcesBuildPhase;
			buildActionMask = 2147483647;
			files = (
				2041C0201880283F00503B09 /* InfoPlist.strings in Resources */,
			);
			runOnlyForDeploymentPostprocessing = 0;
		};
/* End PBXResourcesBuildPhase section */

/* Begin PBXShellScriptBuildPhase section */
		1A2E0FF134154B308EFB847A /* Copy Pods Resources */ = {
			isa = PBXShellScriptBuildPhase;
			buildActionMask = 2147483647;
			files = (
			);
			inputPaths = (
			);
			name = "Copy Pods Resources";
			outputPaths = (
			);
			runOnlyForDeploymentPostprocessing = 0;
			shellPath = /bin/sh;
			shellScript = "\"${SRCROOT}/Pods/Pods-resources.sh\"\n";
			showEnvVarsInLog = 0;
		};
		884E1D69168D42728A815649 /* Check Pods Manifest.lock */ = {
			isa = PBXShellScriptBuildPhase;
			buildActionMask = 2147483647;
			files = (
			);
			inputPaths = (
			);
			name = "Check Pods Manifest.lock";
			outputPaths = (
			);
			runOnlyForDeploymentPostprocessing = 0;
			shellPath = /bin/sh;
			shellScript = "diff \"${PODS_ROOT}/../Podfile.lock\" \"${PODS_ROOT}/Manifest.lock\" > /dev/null\nif [[ $? != 0 ]] ; then\n    cat << EOM\nerror: The sandbox is not in sync with the Podfile.lock. Run 'pod install' or update your CocoaPods installation.\nEOM\n    exit 1\nfi\n";
			showEnvVarsInLog = 0;
		};
/* End PBXShellScriptBuildPhase section */

/* Begin PBXSourcesBuildPhase section */
		2041BFEF1880283E00503B09 /* Sources */ = {
			isa = PBXSourcesBuildPhase;
			buildActionMask = 2147483647;
			files = (
				24D32B3218803EF7007C4057 /* FYFGameListViewController.m in Sources */,
				2041C04418804CBD00503B09 /* FYFSocketManager.m in Sources */,
				2041C03218802BE000503B09 /* FYFViewController.m in Sources */,
				24D32B3E18805DC4007C4057 /* FYFBeaconView.m in Sources */,
				2041C03A18803FD500503B09 /* FYFBoardView.m in Sources */,
				2041C0071880283E00503B09 /* AppDelegate.m in Sources */,
				AE68C5A718805E0900962506 /* CountdownView.m in Sources */,
				AE68C5B01880791200962506 /* SuccessView.m in Sources */,
				2041C0031880283E00503B09 /* main.m in Sources */,
				AE68C5AD18806EE400962506 /* LoserView.m in Sources */,
				2041C03618803FB100503B09 /* FYFBoardViewController.m in Sources */,
			);
			runOnlyForDeploymentPostprocessing = 0;
		};
		2041C0101880283F00503B09 /* Sources */ = {
			isa = PBXSourcesBuildPhase;
			buildActionMask = 2147483647;
			files = (
				2041C0221880283F00503B09 /* hackathonFYFTests.m in Sources */,
			);
			runOnlyForDeploymentPostprocessing = 0;
		};
/* End PBXSourcesBuildPhase section */

/* Begin PBXTargetDependency section */
		2041C01A1880283F00503B09 /* PBXTargetDependency */ = {
			isa = PBXTargetDependency;
			target = 2041BFF21880283E00503B09 /* hackathonFYF */;
			targetProxy = 2041C0191880283F00503B09 /* PBXContainerItemProxy */;
		};
/* End PBXTargetDependency section */

/* Begin PBXVariantGroup section */
		2041BFFF1880283E00503B09 /* InfoPlist.strings */ = {
			isa = PBXVariantGroup;
			children = (
				2041C0001880283E00503B09 /* en */,
			);
			name = InfoPlist.strings;
			sourceTree = "<group>";
		};
		2041C01E1880283F00503B09 /* InfoPlist.strings */ = {
			isa = PBXVariantGroup;
			children = (
				2041C01F1880283F00503B09 /* en */,
			);
			name = InfoPlist.strings;
			sourceTree = "<group>";
		};
/* End PBXVariantGroup section */

/* Begin XCBuildConfiguration section */
		2041C0231880283F00503B09 /* Debug */ = {
			isa = XCBuildConfiguration;
			buildSettings = {
				ALWAYS_SEARCH_USER_PATHS = NO;
				ARCHS = "$(ARCHS_STANDARD_INCLUDING_64_BIT)";
				CLANG_CXX_LANGUAGE_STANDARD = "gnu++0x";
				CLANG_CXX_LIBRARY = "libc++";
				CLANG_ENABLE_MODULES = YES;
				CLANG_ENABLE_OBJC_ARC = YES;
				CLANG_WARN_BOOL_CONVERSION = YES;
				CLANG_WARN_CONSTANT_CONVERSION = YES;
				CLANG_WARN_DIRECT_OBJC_ISA_USAGE = YES_ERROR;
				CLANG_WARN_EMPTY_BODY = YES;
				CLANG_WARN_ENUM_CONVERSION = YES;
				CLANG_WARN_INT_CONVERSION = YES;
				CLANG_WARN_OBJC_ROOT_CLASS = YES_ERROR;
				CLANG_WARN__DUPLICATE_METHOD_MATCH = YES;
				"CODE_SIGN_IDENTITY[sdk=iphoneos*]" = "iPhone Developer";
				COPY_PHASE_STRIP = NO;
				GCC_C_LANGUAGE_STANDARD = gnu99;
				GCC_DYNAMIC_NO_PIC = NO;
				GCC_OPTIMIZATION_LEVEL = 0;
				GCC_PREPROCESSOR_DEFINITIONS = (
					"DEBUG=1",
					"$(inherited)",
				);
				GCC_SYMBOLS_PRIVATE_EXTERN = NO;
				GCC_WARN_64_TO_32_BIT_CONVERSION = YES;
				GCC_WARN_ABOUT_RETURN_TYPE = YES_ERROR;
				GCC_WARN_UNDECLARED_SELECTOR = YES;
				GCC_WARN_UNINITIALIZED_AUTOS = YES;
				GCC_WARN_UNUSED_FUNCTION = YES;
				GCC_WARN_UNUSED_VARIABLE = YES;
				IPHONEOS_DEPLOYMENT_TARGET = 7.0;
				ONLY_ACTIVE_ARCH = YES;
				SDKROOT = iphoneos;
			};
			name = Debug;
		};
		2041C0241880283F00503B09 /* Release */ = {
			isa = XCBuildConfiguration;
			buildSettings = {
				ALWAYS_SEARCH_USER_PATHS = NO;
				ARCHS = "$(ARCHS_STANDARD_INCLUDING_64_BIT)";
				CLANG_CXX_LANGUAGE_STANDARD = "gnu++0x";
				CLANG_CXX_LIBRARY = "libc++";
				CLANG_ENABLE_MODULES = YES;
				CLANG_ENABLE_OBJC_ARC = YES;
				CLANG_WARN_BOOL_CONVERSION = YES;
				CLANG_WARN_CONSTANT_CONVERSION = YES;
				CLANG_WARN_DIRECT_OBJC_ISA_USAGE = YES_ERROR;
				CLANG_WARN_EMPTY_BODY = YES;
				CLANG_WARN_ENUM_CONVERSION = YES;
				CLANG_WARN_INT_CONVERSION = YES;
				CLANG_WARN_OBJC_ROOT_CLASS = YES_ERROR;
				CLANG_WARN__DUPLICATE_METHOD_MATCH = YES;
				"CODE_SIGN_IDENTITY[sdk=iphoneos*]" = "iPhone Developer";
				COPY_PHASE_STRIP = YES;
				ENABLE_NS_ASSERTIONS = NO;
				GCC_C_LANGUAGE_STANDARD = gnu99;
				GCC_WARN_64_TO_32_BIT_CONVERSION = YES;
				GCC_WARN_ABOUT_RETURN_TYPE = YES_ERROR;
				GCC_WARN_UNDECLARED_SELECTOR = YES;
				GCC_WARN_UNINITIALIZED_AUTOS = YES;
				GCC_WARN_UNUSED_FUNCTION = YES;
				GCC_WARN_UNUSED_VARIABLE = YES;
				IPHONEOS_DEPLOYMENT_TARGET = 7.0;
				SDKROOT = iphoneos;
				VALIDATE_PRODUCT = YES;
			};
			name = Release;
		};
		2041C0261880283F00503B09 /* Debug */ = {
			isa = XCBuildConfiguration;
			baseConfigurationReference = 8DA6F90328D64B6393F3F883 /* Pods.xcconfig */;
			buildSettings = {
				ARCHS = "$(ARCHS_STANDARD_INCLUDING_64_BIT)";
				ASSETCATALOG_COMPILER_APPICON_NAME = AppIcon;
				ASSETCATALOG_COMPILER_LAUNCHIMAGE_NAME = LaunchImage;
				CODE_SIGN_IDENTITY = "iPhone Developer";
				GCC_PRECOMPILE_PREFIX_HEADER = YES;
				GCC_PREFIX_HEADER = "hackathonFYF/hackathonFYF-Prefix.pch";
				INFOPLIST_FILE = "hackathonFYF/hackathonFYF-Info.plist";
				LIBRARY_SEARCH_PATHS = (
					"$(inherited)",
					"${SRCROOT}/Frameworks/Estimote/EstimoteSDK",
				);
				PRODUCT_NAME = "$(TARGET_NAME)";
				VALID_ARCHS = "armv7 armv7s arm64";
				WRAPPER_EXTENSION = app;
			};
			name = Debug;
		};
		2041C0271880283F00503B09 /* Release */ = {
			isa = XCBuildConfiguration;
			baseConfigurationReference = 8DA6F90328D64B6393F3F883 /* Pods.xcconfig */;
			buildSettings = {
				ARCHS = "$(ARCHS_STANDARD_INCLUDING_64_BIT)";
				ASSETCATALOG_COMPILER_APPICON_NAME = AppIcon;
				ASSETCATALOG_COMPILER_LAUNCHIMAGE_NAME = LaunchImage;
				CODE_SIGN_IDENTITY = "iPhone Developer";
				GCC_PRECOMPILE_PREFIX_HEADER = YES;
				GCC_PREFIX_HEADER = "hackathonFYF/hackathonFYF-Prefix.pch";
				INFOPLIST_FILE = "hackathonFYF/hackathonFYF-Info.plist";
				LIBRARY_SEARCH_PATHS = (
					"$(inherited)",
					"${SRCROOT}/Frameworks/Estimote/EstimoteSDK",
				);
				PRODUCT_NAME = "$(TARGET_NAME)";
				VALID_ARCHS = "armv7 armv7s arm64";
				WRAPPER_EXTENSION = app;
			};
			name = Release;
		};
		2041C0291880283F00503B09 /* Debug */ = {
			isa = XCBuildConfiguration;
			buildSettings = {
				ARCHS = "$(ARCHS_STANDARD_INCLUDING_64_BIT)";
				BUNDLE_LOADER = "$(BUILT_PRODUCTS_DIR)/hackathonFYF.app/hackathonFYF";
				FRAMEWORK_SEARCH_PATHS = (
					"$(SDKROOT)/Developer/Library/Frameworks",
					"$(inherited)",
					"$(DEVELOPER_FRAMEWORKS_DIR)",
				);
				GCC_PRECOMPILE_PREFIX_HEADER = YES;
				GCC_PREFIX_HEADER = "hackathonFYF/hackathonFYF-Prefix.pch";
				GCC_PREPROCESSOR_DEFINITIONS = (
					"DEBUG=1",
					"$(inherited)",
				);
				INFOPLIST_FILE = "hackathonFYFTests/hackathonFYFTests-Info.plist";
				PRODUCT_NAME = "$(TARGET_NAME)";
				TEST_HOST = "$(BUNDLE_LOADER)";
				WRAPPER_EXTENSION = xctest;
			};
			name = Debug;
		};
		2041C02A1880283F00503B09 /* Release */ = {
			isa = XCBuildConfiguration;
			buildSettings = {
				ARCHS = "$(ARCHS_STANDARD_INCLUDING_64_BIT)";
				BUNDLE_LOADER = "$(BUILT_PRODUCTS_DIR)/hackathonFYF.app/hackathonFYF";
				FRAMEWORK_SEARCH_PATHS = (
					"$(SDKROOT)/Developer/Library/Frameworks",
					"$(inherited)",
					"$(DEVELOPER_FRAMEWORKS_DIR)",
				);
				GCC_PRECOMPILE_PREFIX_HEADER = YES;
				GCC_PREFIX_HEADER = "hackathonFYF/hackathonFYF-Prefix.pch";
				INFOPLIST_FILE = "hackathonFYFTests/hackathonFYFTests-Info.plist";
				PRODUCT_NAME = "$(TARGET_NAME)";
				TEST_HOST = "$(BUNDLE_LOADER)";
				WRAPPER_EXTENSION = xctest;
			};
			name = Release;
		};
/* End XCBuildConfiguration section */

/* Begin XCConfigurationList section */
		2041BFEE1880283E00503B09 /* Build configuration list for PBXProject "hackathonFYF" */ = {
			isa = XCConfigurationList;
			buildConfigurations = (
				2041C0231880283F00503B09 /* Debug */,
				2041C0241880283F00503B09 /* Release */,
			);
			defaultConfigurationIsVisible = 0;
			defaultConfigurationName = Release;
		};
		2041C0251880283F00503B09 /* Build configuration list for PBXNativeTarget "hackathonFYF" */ = {
			isa = XCConfigurationList;
			buildConfigurations = (
				2041C0261880283F00503B09 /* Debug */,
				2041C0271880283F00503B09 /* Release */,
			);
			defaultConfigurationIsVisible = 0;
			defaultConfigurationName = Release;
		};
		2041C0281880283F00503B09 /* Build configuration list for PBXNativeTarget "hackathonFYFTests" */ = {
			isa = XCConfigurationList;
			buildConfigurations = (
				2041C0291880283F00503B09 /* Debug */,
				2041C02A1880283F00503B09 /* Release */,
			);
			defaultConfigurationIsVisible = 0;
			defaultConfigurationName = Release;
		};
/* End XCConfigurationList section */
	};
	rootObject = 2041BFEB1880283E00503B09 /* Project object */;
}
